
Microsoft Visual Studio Solution File, Format Version 12.00
# Visual Studio 15
VisualStudioVersion = 15.0.27130.2027
MinimumVisualStudioVersion = 10.0.40219.1
Project("{FAE04EC0-301F-11D3-BF4B-00C04F79EFBC}") = "Programmanager", "Programmanager\Programmanager.csproj", "{DBF2AE4B-61AF-4924-8888-BD953B85C012}"
EndProject
Global
	GlobalSection(SolutionConfigurationPlatforms) = preSolution
		Debug|Any CPU = Debug|Any CPU
		Release|Any CPU = Release|Any CPU
	EndGlobalSection
	GlobalSection(ProjectConfigurationPlatforms) = postSolution
		{DBF2AE4B-61AF-4924-8888-BD953B85C012}.Debug|Any CPU.ActiveCfg = Debug|Any CPU
		{DBF2AE4B-61AF-4924-8888-BD953B85C012}.Debug|Any CPU.Build.0 = Debug|Any CPU
		{DBF2AE4B-61AF-4924-8888-BD953B85C012}.Release|Any CPU.ActiveCfg = Release|Any CPU
		{DBF2AE4B-61AF-4924-8888-BD953B85C012}.Release|Any CPU.Build.0 = Release|Any CPU
	EndGlobalSection
	GlobalSection(SolutionProperties) = preSolution
		HideSolutionNode = FALSE
	EndGlobalSection
	GlobalSection(ExtensibilityGlobals) = postSolution
		SolutionGuid = {BAFCE10A-3439-4A53-9CBA-C33C2944B14C}
	EndGlobalSection
EndGlobal
